
Microsoft Visual Studio Solution File, Format Version 12.00
# Visual Studio 15
VisualStudioVersion = 15.0.28307.757
MinimumVisualStudioVersion = 10.0.40219.1
Project("{FAE04EC0-301F-11D3-BF4B-00C04F79EFBC}") = "RamTool.Manager", "RamTool.Manager\RamTool.Manager.csproj", "{44AF307C-AC20-416E-AFA9-1636B23DBE95}"
EndProject
Project("{FAE04EC0-301F-11D3-BF4B-00C04F79EFBC}") = "RamTool.Console", "RamTool.Console\RamTool.Console.csproj", "{D9FF081F-7575-4F4D-BB77-7B947E85CCFC}"
EndProject
Global
	GlobalSection(SolutionConfigurationPlatforms) = preSolution
		Debug|Any CPU = Debug|Any CPU
		Release|Any CPU = Release|Any CPU
	EndGlobalSection
	GlobalSection(ProjectConfigurationPlatforms) = postSolution
		{44AF307C-AC20-416E-AFA9-1636B23DBE95}.Debug|Any CPU.ActiveCfg = Debug|Any CPU
		{44AF307C-AC20-416E-AFA9-1636B23DBE95}.Debug|Any CPU.Build.0 = Debug|Any CPU
		{44AF307C-AC20-416E-AFA9-1636B23DBE95}.Release|Any CPU.ActiveCfg = Release|Any CPU
		{44AF307C-AC20-416E-AFA9-1636B23DBE95}.Release|Any CPU.Build.0 = Release|Any CPU
		{D9FF081F-7575-4F4D-BB77-7B947E85CCFC}.Debug|Any CPU.ActiveCfg = Debug|Any CPU
		{D9FF081F-7575-4F4D-BB77-7B947E85CCFC}.Debug|Any CPU.Build.0 = Debug|Any CPU
		{D9FF081F-7575-4F4D-BB77-7B947E85CCFC}.Release|Any CPU.ActiveCfg = Release|Any CPU
		{D9FF081F-7575-4F4D-BB77-7B947E85CCFC}.Release|Any CPU.Build.0 = Release|Any CPU
	EndGlobalSection
	GlobalSection(SolutionProperties) = preSolution
		HideSolutionNode = FALSE
	EndGlobalSection
	GlobalSection(ExtensibilityGlobals) = postSolution
		SolutionGuid = {0D46A156-6F11-4E28-A85E-9C3B64B1BB34}
	EndGlobalSection
EndGlobal
